
Microsoft Visual Studio Solution File, Format Version 12.00
# Visual Studio Version 16
VisualStudioVersion = 16.0.33130.400
MinimumVisualStudioVersion = 10.0.40219.1
Project("{FAE04EC0-301F-11D3-BF4B-00C04F79EFBC}") = "Access", "Access\Access.csproj", "{24D17B46-8F06-4C55-903C-36EDA318B170}"
EndProject
Global
	GlobalSection(SolutionConfigurationPlatforms) = preSolution
		Debug|Any CPU = Debug|Any CPU
		Release|Any CPU = Release|Any CPU
	EndGlobalSection
	GlobalSection(ProjectConfigurationPlatforms) = postSolution
		{24D17B46-8F06-4C55-903C-36EDA318B170}.Debug|Any CPU.ActiveCfg = Debug|Any CPU
		{24D17B46-8F06-4C55-903C-36EDA318B170}.Debug|Any CPU.Build.0 = Debug|Any CPU
		{24D17B46-8F06-4C55-903C-36EDA318B170}.Release|Any CPU.ActiveCfg = Release|Any CPU
		{24D17B46-8F06-4C55-903C-36EDA318B170}.Release|Any CPU.Build.0 = Release|Any CPU
	EndGlobalSection
	GlobalSection(SolutionProperties) = preSolution
		HideSolutionNode = FALSE
	EndGlobalSection
	GlobalSection(ExtensibilityGlobals) = postSolution
		SolutionGuid = {18289D6C-7F54-427A-BF68-F7A68B201E51}
	EndGlobalSection
EndGlobal
